// !$*UTF8*$!
{
	archiveVersion = 1;
	classes = {
	};
	objectVersion = 46;
	objects = {

/* Begin PBXBuildFile section */
		08E33A6519A42AB70034D7D6 /* Foundation.framework in Frameworks */ = {isa = PBXBuildFile; fileRef = 08E33A6419A42AB70034D7D6 /* Foundation.framework */; };
		08E33A6719A42AB70034D7D6 /* CoreGraphics.framework in Frameworks */ = {isa = PBXBuildFile; fileRef = 08E33A6619A42AB70034D7D6 /* CoreGraphics.framework */; };
		08E33A6919A42AB70034D7D6 /* UIKit.framework in Frameworks */ = {isa = PBXBuildFile; fileRef = 08E33A6819A42AB70034D7D6 /* UIKit.framework */; };
		08E33A6F19A42AB70034D7D6 /* InfoPlist.strings in Resources */ = {isa = PBXBuildFile; fileRef = 08E33A6D19A42AB70034D7D6 /* InfoPlist.strings */; };
		08E33A7119A42AB70034D7D6 /* main.m in Sources */ = {isa = PBXBuildFile; fileRef = 08E33A7019A42AB70034D7D6 /* main.m */; };
		08E33A7519A42AB70034D7D6 /* WWDAppDelegate.m in Sources */ = {isa = PBXBuildFile; fileRef = 08E33A7419A42AB70034D7D6 /* WWDAppDelegate.m */; };
		08E33A7819A42AB70034D7D6 /* Main.storyboard in Resources */ = {isa = PBXBuildFile; fileRef = 08E33A7619A42AB70034D7D6 /* Main.storyboard */; };
		08E33A7B19A42AB70034D7D6 /* WWDViewController.m in Sources */ = {isa = PBXBuildFile; fileRef = 08E33A7A19A42AB70034D7D6 /* WWDViewController.m */; };
		08E33A7D19A42AB70034D7D6 /* Images.xcassets in Resources */ = {isa = PBXBuildFile; fileRef = 08E33A7C19A42AB70034D7D6 /* Images.xcassets */; };
		08E33A8419A42AB70034D7D6 /* XCTest.framework in Frameworks */ = {isa = PBXBuildFile; fileRef = 08E33A8319A42AB70034D7D6 /* XCTest.framework */; };
		08E33A8519A42AB70034D7D6 /* Foundation.framework in Frameworks */ = {isa = PBXBuildFile; fileRef = 08E33A6419A42AB70034D7D6 /* Foundation.framework */; };
		08E33A8619A42AB70034D7D6 /* UIKit.framework in Frameworks */ = {isa = PBXBuildFile; fileRef = 08E33A6819A42AB70034D7D6 /* UIKit.framework */; };
		08E33A8E19A42AB70034D7D6 /* InfoPlist.strings in Resources */ = {isa = PBXBuildFile; fileRef = 08E33A8C19A42AB70034D7D6 /* InfoPlist.strings */; };
		08E33A9019A42AB70034D7D6 /* MyWatchDemoTests.m in Sources */ = {isa = PBXBuildFile; fileRef = 08E33A8F19A42AB70034D7D6 /* MyWatchDemoTests.m */; };
/* End PBXBuildFile section */

/* Begin PBXContainerItemProxy section */
		08E33A8719A42AB70034D7D6 /* PBXContainerItemProxy */ = {
			isa = PBXContainerItemProxy;
			containerPortal = 08E33A5919A42AB70034D7D6 /* Project object */;
			proxyType = 1;
			remoteGlobalIDString = 08E33A6019A42AB70034D7D6;
			remoteInfo = MyWatchDemo;
		};
/* End PBXContainerItemProxy section */

/* Begin PBXFileReference section */
		08E33A6119A42AB70034D7D6 /* MyWatchDemo.app */ = {isa = PBXFileReference; explicitFileType = wrapper.application; includeInIndex = 0; path = MyWatchDemo.app; sourceTree = BUILT_PRODUCTS_DIR; };
		08E33A6419A42AB70034D7D6 /* Foundation.framework */ = {isa = PBXFileReference; lastKnownFileType = wrapper.framework; name = Foundation.framework; path = System/Library/Frameworks/Foundation.framework; sourceTree = SDKROOT; };
		08E33A6619A42AB70034D7D6 /* CoreGraphics.framework */ = {isa = PBXFileReference; lastKnownFileType = wrapper.framework; name = CoreGraphics.framework; path = System/Library/Frameworks/CoreGraphics.framework; sourceTree = SDKROOT; };
		08E33A6819A42AB70034D7D6 /* UIKit.framework */ = {isa = PBXFileReference; lastKnownFileType = wrapper.framework; name = UIKit.framework; path = System/Library/Frameworks/UIKit.framework; sourceTree = SDKROOT; };
		08E33A6C19A42AB70034D7D6 /* MyWatchDemo-Info.plist */ = {isa = PBXFileReference; lastKnownFileType = text.plist.xml; path = "MyWatchDemo-Info.plist"; sourceTree = "<group>"; };
		08E33A6E19A42AB70034D7D6 /* en */ = {isa = PBXFileReference; lastKnownFileType = text.plist.strings; name = en; path = en.lproj/InfoPlist.strings; sourceTree = "<group>"; };
		08E33A7019A42AB70034D7D6 /* main.m */ = {isa = PBXFileReference; lastKnownFileType = sourcecode.c.objc; path = main.m; sourceTree = "<group>"; };
		08E33A7219A42AB70034D7D6 /* MyWatchDemo-Prefix.pch */ = {isa = PBXFileReference; lastKnownFileType = sourcecode.c.h; path = "MyWatchDemo-Prefix.pch"; sourceTree = "<group>"; };
		08E33A7319A42AB70034D7D6 /* WWDAppDelegate.h */ = {isa = PBXFileReference; lastKnownFileType = sourcecode.c.h; path = WWDAppDelegate.h; sourceTree = "<group>"; };
		08E33A7419A42AB70034D7D6 /* WWDAppDelegate.m */ = {isa = PBXFileReference; lastKnownFileType = sourcecode.c.objc; path = WWDAppDelegate.m; sourceTree = "<group>"; };
		08E33A7719A42AB70034D7D6 /* Base */ = {isa = PBXFileReference; lastKnownFileType = file.storyboard; name = Base; path = Base.lproj/Main.storyboard; sourceTree = "<group>"; };
		08E33A7919A42AB70034D7D6 /* WWDViewController.h */ = {isa = PBXFileReference; lastKnownFileType = sourcecode.c.h; path = WWDViewController.h; sourceTree = "<group>"; };
		08E33A7A19A42AB70034D7D6 /* WWDViewController.m */ = {isa = PBXFileReference; lastKnownFileType = sourcecode.c.objc; path = WWDViewController.m; sourceTree = "<group>"; };
		08E33A7C19A42AB70034D7D6 /* Images.xcassets */ = {isa = PBXFileReference; lastKnownFileType = folder.assetcatalog; path = Images.xcassets; sourceTree = "<group>"; };
		08E33A8219A42AB70034D7D6 /* MyWatchDemoTests.xctest */ = {isa = PBXFileReference; explicitFileType = wrapper.cfbundle; includeInIndex = 0; path = MyWatchDemoTests.xctest; sourceTree = BUILT_PRODUCTS_DIR; };
		08E33A8319A42AB70034D7D6 /* XCTest.framework */ = {isa = PBXFileReference; lastKnownFileType = wrapper.framework; name = XCTest.framework; path = Library/Frameworks/XCTest.framework; sourceTree = DEVELOPER_DIR; };
		08E33A8B19A42AB70034D7D6 /* MyWatchDemoTests-Info.plist */ = {isa = PBXFileReference; lastKnownFileType = text.plist.xml; path = "MyWatchDemoTests-Info.plist"; sourceTree = "<group>"; };
		08E33A8D19A42AB70034D7D6 /* en */ = {isa = PBXFileReference; lastKnownFileType = text.plist.strings; name = en; path = en.lproj/InfoPlist.strings; sourceTree = "<group>"; };
		08E33A8F19A42AB70034D7D6 /* MyWatchDemoTests.m */ = {isa = PBXFileReference; lastKnownFileType = sourcecode.c.objc; path = MyWatchDemoTests.m; sourceTree = "<group>"; };
/* End PBXFileReference section */

/* Begin PBXFrameworksBuildPhase section */
		08E33A5E19A42AB70034D7D6 /* Frameworks */ = {
			isa = PBXFrameworksBuildPhase;
			buildActionMask = 2147483647;
			files = (
				08E33A6719A42AB70034D7D6 /* CoreGraphics.framework in Frameworks */,
				08E33A6919A42AB70034D7D6 /* UIKit.framework in Frameworks */,
				08E33A6519A42AB70034D7D6 /* Foundation.framework in Frameworks */,
			);
			runOnlyForDeploymentPostprocessing = 0;
		};
		08E33A7F19A42AB70034D7D6 /* Frameworks */ = {
			isa = PBXFrameworksBuildPhase;
			buildActionMask = 2147483647;
			files = (
				08E33A8419A42AB70034D7D6 /* XCTest.framework in Frameworks */,
				08E33A8619A42AB70034D7D6 /* UIKit.framework in Frameworks */,
				08E33A8519A42AB70034D7D6 /* Foundation.framework in Frameworks */,
			);
			runOnlyForDeploymentPostprocessing = 0;
		};
/* End PBXFrameworksBuildPhase section */

/* Begin PBXGroup section */
		08E33A5819A42AB70034D7D6 = {
			isa = PBXGroup;
			children = (
				08E33A6A19A42AB70034D7D6 /* MyWatchDemo */,
				08E33A8919A42AB70034D7D6 /* MyWatchDemoTests */,
				08E33A6319A42AB70034D7D6 /* Frameworks */,
				08E33A6219A42AB70034D7D6 /* Products */,
			);
			sourceTree = "<group>";
		};
		08E33A6219A42AB70034D7D6 /* Products */ = {
			isa = PBXGroup;
			children = (
				08E33A6119A42AB70034D7D6 /* MyWatchDemo.app */,
				08E33A8219A42AB70034D7D6 /* MyWatchDemoTests.xctest */,
			);
			name = Products;
			sourceTree = "<group>";
		};
		08E33A6319A42AB70034D7D6 /* Frameworks */ = {
			isa = PBXGroup;
			children = (
				08E33A6419A42AB70034D7D6 /* Foundation.framework */,
				08E33A6619A42AB70034D7D6 /* CoreGraphics.framework */,
				08E33A6819A42AB70034D7D6 /* UIKit.framework */,
				08E33A8319A42AB70034D7D6 /* XCTest.framework */,
			);
			name = Frameworks;
			sourceTree = "<group>";
		};
		08E33A6A19A42AB70034D7D6 /* MyWatchDemo */ = {
			isa = PBXGroup;
			children = (
				08E33A7319A42AB70034D7D6 /* WWDAppDelegate.h */,
				08E33A7419A42AB70034D7D6 /* WWDAppDelegate.m */,
				08E33A7619A42AB70034D7D6 /* Main.storyboard */,
				08E33A7919A42AB70034D7D6 /* WWDViewController.h */,
				08E33A7A19A42AB70034D7D6 /* WWDViewController.m */,
				08E33A7C19A42AB70034D7D6 /* Images.xcassets */,
				08E33A6B19A42AB70034D7D6 /* Supporting Files */,
			);
			path = MyWatchDemo;
			sourceTree = "<group>";
		};
		08E33A6B19A42AB70034D7D6 /* Supporting Files */ = {
			isa = PBXGroup;
			children = (
				08E33A6C19A42AB70034D7D6 /* MyWatchDemo-Info.plist */,
				08E33A6D19A42AB70034D7D6 /* InfoPlist.strings */,
				08E33A7019A42AB70034D7D6 /* main.m */,
				08E33A7219A42AB70034D7D6 /* MyWatchDemo-Prefix.pch */,
			);
			name = "Supporting Files";
			sourceTree = "<group>";
		};
		08E33A8919A42AB70034D7D6 /* MyWatchDemoTests */ = {
			isa = PBXGroup;
			children = (
				08E33A8F19A42AB70034D7D6 /* MyWatchDemoTests.m */,
				08E33A8A19A42AB70034D7D6 /* Supporting Files */,
			);
			path = MyWatchDemoTests;
			sourceTree = "<group>";
		};
		08E33A8A19A42AB70034D7D6 /* Supporting Files */ = {
			isa = PBXGroup;
			children = (
				08E33A8B19A42AB70034D7D6 /* MyWatchDemoTests-Info.plist */,
				08E33A8C19A42AB70034D7D6 /* InfoPlist.strings */,
			);
			name = "Supporting Files";
			sourceTree = "<group>";
		};
/* End PBXGroup section */

/* Begin PBXNativeTarget section */
		08E33A6019A42AB70034D7D6 /* MyWatchDemo */ = {
			isa = PBXNativeTarget;
			buildConfigurationList = 08E33A9319A42AB70034D7D6 /* Build configuration list for PBXNativeTarget "MyWatchDemo" */;
			buildPhases = (
				08E33A5D19A42AB70034D7D6 /* Sources */,
				08E33A5E19A42AB70034D7D6 /* Frameworks */,
				08E33A5F19A42AB70034D7D6 /* Resources */,
			);
			buildRules = (
			);
			dependencies = (
			);
			name = MyWatchDemo;
			productName = MyWatchDemo;
			productReference = 08E33A6119A42AB70034D7D6 /* MyWatchDemo.app */;
			productType = "com.apple.product-type.application";
		};
		08E33A8119A42AB70034D7D6 /* MyWatchDemoTests */ = {
			isa = PBXNativeTarget;
			buildConfigurationList = 08E33A9619A42AB70034D7D6 /* Build configuration list for PBXNativeTarget "MyWatchDemoTests" */;
			buildPhases = (
				08E33A7E19A42AB70034D7D6 /* Sources */,
				08E33A7F19A42AB70034D7D6 /* Frameworks */,
				08E33A8019A42AB70034D7D6 /* Resources */,
			);
			buildRules = (
			);
			dependencies = (
				08E33A8819A42AB70034D7D6 /* PBXTargetDependency */,
			);
			name = MyWatchDemoTests;
			productName = MyWatchDemoTests;
			productReference = 08E33A8219A42AB70034D7D6 /* MyWatchDemoTests.xctest */;
			productType = "com.apple.product-type.bundle.unit-test";
		};
/* End PBXNativeTarget section */

/* Begin PBXProject section */
		08E33A5919A42AB70034D7D6 /* Project object */ = {
			isa = PBXProject;
			attributes = {
				CLASSPREFIX = WWD;
				LastUpgradeCheck = 0510;
				ORGANIZATIONNAME = mycj.wwd;
				TargetAttributes = {
					08E33A8119A42AB70034D7D6 = {
						TestTargetID = 08E33A6019A42AB70034D7D6;
					};
				};
			};
			buildConfigurationList = 08E33A5C19A42AB70034D7D6 /* Build configuration list for PBXProject "MyWatchDemo" */;
			compatibilityVersion = "Xcode 3.2";
			developmentRegion = English;
			hasScannedForEncodings = 0;
			knownRegions = (
				en,
				Base,
			);
			mainGroup = 08E33A5819A42AB70034D7D6;
			productRefGroup = 08E33A6219A42AB70034D7D6 /* Products */;
			projectDirPath = "";
			projectRoot = "";
			targets = (
				08E33A6019A42AB70034D7D6 /* MyWatchDemo */,
				08E33A8119A42AB70034D7D6 /* MyWatchDemoTests */,
			);
		};
/* End PBXProject section */

/* Begin PBXResourcesBuildPhase section */
		08E33A5F19A42AB70034D7D6 /* Resources */ = {
			isa = PBXResourcesBuildPhase;
			buildActionMask = 2147483647;
			files = (
				08E33A7D19A42AB70034D7D6 /* Images.xcassets in Resources */,
				08E33A6F19A42AB70034D7D6 /* InfoPlist.strings in Resources */,
				08E33A7819A42AB70034D7D6 /* Main.storyboard in Resources */,
			);
			runOnlyForDeploymentPostprocessing = 0;
		};
		08E33A8019A42AB70034D7D6 /* Resources */ = {
			isa = PBXResourcesBuildPhase;
			buildActionMask = 2147483647;
			files = (
				08E33A8E19A42AB70034D7D6 /* InfoPlist.strings in Resources */,
			);
			runOnlyForDeploymentPostprocessing = 0;
		};
/* End PBXResourcesBuildPhase section */

/* Begin PBXSourcesBuildPhase section */
		08E33A5D19A42AB70034D7D6 /* Sources */ = {
			isa = PBXSourcesBuildPhase;
			buildActionMask = 2147483647;
			files = (
				08E33A7119A42AB70034D7D6 /* main.m in Sources */,
				08E33A7B19A42AB70034D7D6 /* WWDViewController.m in Sources */,
				08E33A7519A42AB70034D7D6 /* WWDAppDelegate.m in Sources */,
			);
			runOnlyForDeploymentPostprocessing = 0;
		};
		08E33A7E19A42AB70034D7D6 /* Sources */ = {
			isa = PBXSourcesBuildPhase;
			buildActionMask = 2147483647;
			files = (
				08E33A9019A42AB70034D7D6 /* MyWatchDemoTests.m in Sources */,
			);
			runOnlyForDeploymentPostprocessing = 0;
		};
/* End PBXSourcesBuildPhase section */

/* Begin PBXTargetDependency section */
		08E33A8819A42AB70034D7D6 /* PBXTargetDependency */ = {
			isa = PBXTargetDependency;
			target = 08E33A6019A42AB70034D7D6 /* MyWatchDemo */;
			targetProxy = 08E33A8719A42AB70034D7D6 /* PBXContainerItemProxy */;
		};
/* End PBXTargetDependency section */

/* Begin PBXVariantGroup section */
		08E33A6D19A42AB70034D7D6 /* InfoPlist.strings */ = {
			isa = PBXVariantGroup;
			children = (
				08E33A6E19A42AB70034D7D6 /* en */,
			);
			name = InfoPlist.strings;
			sourceTree = "<group>";
		};
		08E33A7619A42AB70034D7D6 /* Main.storyboard */ = {
			isa = PBXVariantGroup;
			children = (
				08E33A7719A42AB70034D7D6 /* Base */,
			);
			name = Main.storyboard;
			sourceTree = "<group>";
		};
		08E33A8C19A42AB70034D7D6 /* InfoPlist.strings */ = {
			isa = PBXVariantGroup;
			children = (
				08E33A8D19A42AB70034D7D6 /* en */,
			);
			name = InfoPlist.strings;
			sourceTree = "<group>";
		};
/* End PBXVariantGroup section */

/* Begin XCBuildConfiguration section */
		08E33A9119A42AB70034D7D6 /* Debug */ = {
			isa = XCBuildConfiguration;
			buildSettings = {
				ALWAYS_SEARCH_USER_PATHS = NO;
				CLANG_CXX_LANGUAGE_STANDARD = "gnu++0x";
				CLANG_CXX_LIBRARY = "libc++";
				CLANG_ENABLE_MODULES = YES;
				CLANG_ENABLE_OBJC_ARC = YES;
				CLANG_WARN_BOOL_CONVERSION = YES;
				CLANG_WARN_CONSTANT_CONVERSION = YES;
				CLANG_WARN_DIRECT_OBJC_ISA_USAGE = YES_ERROR;
				CLANG_WARN_EMPTY_BODY = YES;
				CLANG_WARN_ENUM_CONVERSION = YES;
				CLANG_WARN_INT_CONVERSION = YES;
				CLANG_WARN_OBJC_ROOT_CLASS = YES_ERROR;
				CLANG_WARN__DUPLICATE_METHOD_MATCH = YES;
				"CODE_SIGN_IDENTITY[sdk=iphoneos*]" = "iPhone Developer";
				COPY_PHASE_STRIP = NO;
				GCC_C_LANGUAGE_STANDARD = gnu99;
				GCC_DYNAMIC_NO_PIC = NO;
				GCC_OPTIMIZATION_LEVEL = 0;
				GCC_PREPROCESSOR_DEFINITIONS = (
					"DEBUG=1",
					"$(inherited)",
				);
				GCC_SYMBOLS_PRIVATE_EXTERN = NO;
				GCC_WARN_64_TO_32_BIT_CONVERSION = YES;
				GCC_WARN_ABOUT_RETURN_TYPE = YES_ERROR;
				GCC_WARN_UNDECLARED_SELECTOR = YES;
				GCC_WARN_UNINITIALIZED_AUTOS = YES_AGGRESSIVE;
				GCC_WARN_UNUSED_FUNCTION = YES;
				GCC_WARN_UNUSED_VARIABLE = YES;
				IPHONEOS_DEPLOYMENT_TARGET = 7.1;
				ONLY_ACTIVE_ARCH = YES;
				SDKROOT = iphoneos;
			};
			name = Debug;
		};
		08E33A9219A42AB70034D7D6 /* Release */ = {
			isa = XCBuildConfiguration;
			buildSettings = {
				ALWAYS_SEARCH_USER_PATHS = NO;
				CLANG_CXX_LANGUAGE_STANDARD = "gnu++0x";
				CLANG_CXX_LIBRARY = "libc++";
				CLANG_ENABLE_MODULES = YES;
				CLANG_ENABLE_OBJC_ARC = YES;
				CLANG_WARN_BOOL_CONVERSION = YES;
				CLANG_WARN_CONSTANT_CONVERSION = YES;
				CLANG_WARN_DIRECT_OBJC_ISA_USAGE = YES_ERROR;
				CLANG_WARN_EMPTY_BODY = YES;
				CLANG_WARN_ENUM_CONVERSION = YES;
				CLANG_WARN_INT_CONVERSION = YES;
				CLANG_WARN_OBJC_ROOT_CLASS = YES_ERROR;
				CLANG_WARN__DUPLICATE_METHOD_MATCH = YES;
				"CODE_SIGN_IDENTITY[sdk=iphoneos*]" = "iPhone Developer";
				COPY_PHASE_STRIP = YES;
				ENABLE_NS_ASSERTIONS = NO;
				GCC_C_LANGUAGE_STANDARD = gnu99;
				GCC_WARN_64_TO_32_BIT_CONVERSION = YES;
				GCC_WARN_ABOUT_RETURN_TYPE = YES_ERROR;
				GCC_WARN_UNDECLARED_SELECTOR = YES;
				GCC_WARN_UNINITIALIZED_AUTOS = YES_AGGRESSIVE;
				GCC_WARN_UNUSED_FUNCTION = YES;
				GCC_WARN_UNUSED_VARIABLE = YES;
				IPHONEOS_DEPLOYMENT_TARGET = 7.1;
				SDKROOT = iphoneos;
				VALIDATE_PRODUCT = YES;
			};
			name = Release;
		};
		08E33A9419A42AB70034D7D6 /* Debug */ = {
			isa = XCBuildConfiguration;
			buildSettings = {
				ASSETCATALOG_COMPILER_APPICON_NAME = AppIcon;
				ASSETCATALOG_COMPILER_LAUNCHIMAGE_NAME = LaunchImage;
				GCC_PRECOMPILE_PREFIX_HEADER = YES;
				GCC_PREFIX_HEADER = "MyWatchDemo/MyWatchDemo-Prefix.pch";
				INFOPLIST_FILE = "MyWatchDemo/MyWatchDemo-Info.plist";
				PRODUCT_NAME = "$(TARGET_NAME)";
				WRAPPER_EXTENSION = app;
			};
			name = Debug;
		};
		08E33A9519A42AB70034D7D6 /* Release */ = {
			isa = XCBuildConfiguration;
			buildSettings = {
				ASSETCATALOG_COMPILER_APPICON_NAME = AppIcon;
				ASSETCATALOG_COMPILER_LAUNCHIMAGE_NAME = LaunchImage;
				GCC_PRECOMPILE_PREFIX_HEADER = YES;
				GCC_PREFIX_HEADER = "MyWatchDemo/MyWatchDemo-Prefix.pch";
				INFOPLIST_FILE = "MyWatchDemo/MyWatchDemo-Info.plist";
				PRODUCT_NAME = "$(TARGET_NAME)";
				WRAPPER_EXTENSION = app;
			};
			name = Release;
		};
		08E33A9719A42AB70034D7D6 /* Debug */ = {
			isa = XCBuildConfiguration;
			buildSettings = {
				BUNDLE_LOADER = "$(BUILT_PRODUCTS_DIR)/MyWatchDemo.app/MyWatchDemo";
				FRAMEWORK_SEARCH_PATHS = (
					"$(SDKROOT)/Developer/Library/Frameworks",
					"$(inherited)",
					"$(DEVELOPER_FRAMEWORKS_DIR)",
				);
				GCC_PRECOMPILE_PREFIX_HEADER = YES;
				GCC_PREFIX_HEADER = "MyWatchDemo/MyWatchDemo-Prefix.pch";
				GCC_PREPROCESSOR_DEFINITIONS = (
					"DEBUG=1",
					"$(inherited)",
				);
				INFOPLIST_FILE = "MyWatchDemoTests/MyWatchDemoTests-Info.plist";
				PRODUCT_NAME = "$(TARGET_NAME)";
				TEST_HOST = "$(BUNDLE_LOADER)";
				WRAPPER_EXTENSION = xctest;
			};
			name = Debug;
		};
		08E33A9819A42AB70034D7D6 /* Release */ = {
			isa = XCBuildConfiguration;
			buildSettings = {
				BUNDLE_LOADER = "$(BUILT_PRODUCTS_DIR)/MyWatchDemo.app/MyWatchDemo";
				FRAMEWORK_SEARCH_PATHS = (
					"$(SDKROOT)/Developer/Library/Frameworks",
					"$(inherited)",
					"$(DEVELOPER_FRAMEWORKS_DIR)",
				);
				GCC_PRECOMPILE_PREFIX_HEADER = YES;
				GCC_PREFIX_HEADER = "MyWatchDemo/MyWatchDemo-Prefix.pch";
				INFOPLIST_FILE = "MyWatchDemoTests/MyWatchDemoTests-Info.plist";
				PRODUCT_NAME = "$(TARGET_NAME)";
				TEST_HOST = "$(BUNDLE_LOADER)";
				WRAPPER_EXTENSION = xctest;
			};
			name = Release;
		};
/* End XCBuildConfiguration section */

/* Begin XCConfigurationList section */
		08E33A5C19A42AB70034D7D6 /* Build configuration list for PBXProject "MyWatchDemo" */ = {
			isa = XCConfigurationList;
			buildConfigurations = (
				08E33A9119A42AB70034D7D6 /* Debug */,
				08E33A9219A42AB70034D7D6 /* Release */,
			);
			defaultConfigurationIsVisible = 0;
			defaultConfigurationName = Release;
		};
		08E33A9319A42AB70034D7D6 /* Build configuration list for PBXNativeTarget "MyWatchDemo" */ = {
			isa = XCConfigurationList;
			buildConfigurations = (
				08E33A9419A42AB70034D7D6 /* Debug */,
				08E33A9519A42AB70034D7D6 /* Release */,
			);
			defaultConfigurationIsVisible = 0;
		};
		08E33A9619A42AB70034D7D6 /* Build configuration list for PBXNativeTarget "MyWatchDemoTests" */ = {
			isa = XCConfigurationList;
			buildConfigurations = (
				08E33A9719A42AB70034D7D6 /* Debug */,
				08E33A9819A42AB70034D7D6 /* Release */,
			);
			defaultConfigurationIsVisible = 0;
		};
/* End XCConfigurationList section */
	};
	rootObject = 08E33A5919A42AB70034D7D6 /* Project object */;
}
